// !$*UTF8*$!
{
	archiveVersion = 1;
	classes = {
	};
	objectVersion = 56;
	objects = {

/* Begin PBXBuildFile section */
		1D8DF85C29E4E9620037BA2D /* UIView+Extensions.swift in Sources */ = {isa = PBXBuildFile; fileRef = 1D8DF85B29E4E9620037BA2D /* UIView+Extensions.swift */; };
		1DF2BE3129E344A700199095 /* AppDelegate.swift in Sources */ = {isa = PBXBuildFile; fileRef = 1DF2BE3029E344A700199095 /* AppDelegate.swift */; };
		1DF2BE3329E344A700199095 /* SceneDelegate.swift in Sources */ = {isa = PBXBuildFile; fileRef = 1DF2BE3229E344A700199095 /* SceneDelegate.swift */; };
		1DF2BE3829E344A700199095 /* Main.storyboard in Resources */ = {isa = PBXBuildFile; fileRef = 1DF2BE3629E344A700199095 /* Main.storyboard */; };
		1DF2BE3A29E344A800199095 /* Assets.xcassets in Resources */ = {isa = PBXBuildFile; fileRef = 1DF2BE3929E344A800199095 /* Assets.xcassets */; };
		1DF2BE3D29E344A800199095 /* LaunchScreen.storyboard in Resources */ = {isa = PBXBuildFile; fileRef = 1DF2BE3B29E344A800199095 /* LaunchScreen.storyboard */; };
		1DF2BE4B29E3526B00199095 /* AthletesListViewController.swift in Sources */ = {isa = PBXBuildFile; fileRef = 1DF2BE4A29E3526B00199095 /* AthletesListViewController.swift */; };
		1DF2BE5029E3531E00199095 /* Athlete.swift in Sources */ = {isa = PBXBuildFile; fileRef = 1DF2BE4F29E3531E00199095 /* Athlete.swift */; };
		1DF2BE5229E353D900199095 /* AthletesListView.swift in Sources */ = {isa = PBXBuildFile; fileRef = 1DF2BE5129E353D900199095 /* AthletesListView.swift */; };
		1DF2BE5529E3549B00199095 /* GameAthletesTableViewCell.swift in Sources */ = {isa = PBXBuildFile; fileRef = 1DF2BE5429E3549B00199095 /* GameAthletesTableViewCell.swift */; };
		1DF2BE5729E354AC00199095 /* GameAthletesTableViewCell.xib in Resources */ = {isa = PBXBuildFile; fileRef = 1DF2BE5629E354AB00199095 /* GameAthletesTableViewCell.xib */; };
		1DF2BE5929E3553900199095 /* Game.swift in Sources */ = {isa = PBXBuildFile; fileRef = 1DF2BE5829E3553900199095 /* Game.swift */; };
		1DF2BE5C29E360EF00199095 /* AthleteCollectionViewCell.swift in Sources */ = {isa = PBXBuildFile; fileRef = 1DF2BE5B29E360EF00199095 /* AthleteCollectionViewCell.swift */; };
		1DF2BE5E29E3610C00199095 /* AthleteCollectionViewCell.xib in Resources */ = {isa = PBXBuildFile; fileRef = 1DF2BE5D29E3610C00199095 /* AthleteCollectionViewCell.xib */; };
/* End PBXBuildFile section */

/* Begin PBXFileReference section */
		1D8DF85B29E4E9620037BA2D /* UIView+Extensions.swift */ = {isa = PBXFileReference; lastKnownFileType = sourcecode.swift; path = "UIView+Extensions.swift"; sourceTree = "<group>"; };
		1DF2BE2D29E344A700199095 /* Olympic Athletes.app */ = {isa = PBXFileReference; explicitFileType = wrapper.application; includeInIndex = 0; path = "Olympic Athletes.app"; sourceTree = BUILT_PRODUCTS_DIR; };
		1DF2BE3029E344A700199095 /* AppDelegate.swift */ = {isa = PBXFileReference; lastKnownFileType = sourcecode.swift; path = AppDelegate.swift; sourceTree = "<group>"; };
		1DF2BE3229E344A700199095 /* SceneDelegate.swift */ = {isa = PBXFileReference; lastKnownFileType = sourcecode.swift; path = SceneDelegate.swift; sourceTree = "<group>"; };
		1DF2BE3729E344A700199095 /* Base */ = {isa = PBXFileReference; lastKnownFileType = file.storyboard; name = Base; path = Base.lproj/Main.storyboard; sourceTree = "<group>"; };
		1DF2BE3929E344A800199095 /* Assets.xcassets */ = {isa = PBXFileReference; lastKnownFileType = folder.assetcatalog; path = Assets.xcassets; sourceTree = "<group>"; };
		1DF2BE3C29E344A800199095 /* Base */ = {isa = PBXFileReference; lastKnownFileType = file.storyboard; name = Base; path = Base.lproj/LaunchScreen.storyboard; sourceTree = "<group>"; };
		1DF2BE3E29E344A800199095 /* Info.plist */ = {isa = PBXFileReference; lastKnownFileType = text.plist.xml; path = Info.plist; sourceTree = "<group>"; };
		1DF2BE4A29E3526B00199095 /* AthletesListViewController.swift */ = {isa = PBXFileReference; lastKnownFileType = sourcecode.swift; path = AthletesListViewController.swift; sourceTree = "<group>"; };
		1DF2BE4F29E3531E00199095 /* Athlete.swift */ = {isa = PBXFileReference; lastKnownFileType = sourcecode.swift; path = Athlete.swift; sourceTree = "<group>"; };
		1DF2BE5129E353D900199095 /* AthletesListView.swift */ = {isa = PBXFileReference; lastKnownFileType = sourcecode.swift; path = AthletesListView.swift; sourceTree = "<group>"; };
		1DF2BE5429E3549B00199095 /* GameAthletesTableViewCell.swift */ = {isa = PBXFileReference; lastKnownFileType = sourcecode.swift; path = GameAthletesTableViewCell.swift; sourceTree = "<group>"; };
		1DF2BE5629E354AB00199095 /* GameAthletesTableViewCell.xib */ = {isa = PBXFileReference; lastKnownFileType = file.xib; path = GameAthletesTableViewCell.xib; sourceTree = "<group>"; };
		1DF2BE5829E3553900199095 /* Game.swift */ = {isa = PBXFileReference; lastKnownFileType = sourcecode.swift; path = Game.swift; sourceTree = "<group>"; };
		1DF2BE5B29E360EF00199095 /* AthleteCollectionViewCell.swift */ = {isa = PBXFileReference; lastKnownFileType = sourcecode.swift; path = AthleteCollectionViewCell.swift; sourceTree = "<group>"; };
		1DF2BE5D29E3610C00199095 /* AthleteCollectionViewCell.xib */ = {isa = PBXFileReference; lastKnownFileType = file.xib; path = AthleteCollectionViewCell.xib; sourceTree = "<group>"; };
/* End PBXFileReference section */

/* Begin PBXFrameworksBuildPhase section */
		1DF2BE2A29E344A700199095 /* Frameworks */ = {
			isa = PBXFrameworksBuildPhase;
			buildActionMask = 2147483647;
			files = (
			);
			runOnlyForDeploymentPostprocessing = 0;
		};
/* End PBXFrameworksBuildPhase section */

/* Begin PBXGroup section */
		1D8DF85D29E4E9680037BA2D /* Extensions */ = {
			isa = PBXGroup;
			children = (
				1D8DF85B29E4E9620037BA2D /* UIView+Extensions.swift */,
			);
			path = Extensions;
			sourceTree = "<group>";
		};
		1DF2BE2429E344A700199095 = {
			isa = PBXGroup;
			children = (
				1DF2BE2F29E344A700199095 /* Olympic Athletes */,
				1DF2BE2E29E344A700199095 /* Products */,
			);
			sourceTree = "<group>";
		};
		1DF2BE2E29E344A700199095 /* Products */ = {
			isa = PBXGroup;
			children = (
				1DF2BE2D29E344A700199095 /* Olympic Athletes.app */,
			);
			name = Products;
			sourceTree = "<group>";
		};
		1DF2BE2F29E344A700199095 /* Olympic Athletes */ = {
			isa = PBXGroup;
			children = (
				1DF2BE4629E351A800199095 /* App Files */,
				1DF2BE4E29E352A100199095 /* Models */,
				1DF2BE4829E351DA00199095 /* Scenes */,
				1DF2BE4529E3518C00199095 /* Storyboards */,
				1DF2BE4429E3517800199095 /* Resources */,
				1DF2BE4729E351C500199095 /* Configurations */,
				1D8DF85D29E4E9680037BA2D /* Extensions */,
			);
			path = "Olympic Athletes";
			sourceTree = "<group>";
		};
		1DF2BE4429E3517800199095 /* Resources */ = {
			isa = PBXGroup;
			children = (
				1DF2BE3929E344A800199095 /* Assets.xcassets */,
			);
			path = Resources;
			sourceTree = "<group>";
		};
		1DF2BE4529E3518C00199095 /* Storyboards */ = {
			isa = PBXGroup;
			children = (
				1DF2BE3629E344A700199095 /* Main.storyboard */,
				1DF2BE3B29E344A800199095 /* LaunchScreen.storyboard */,
			);
			path = Storyboards;
			sourceTree = "<group>";
		};
		1DF2BE4629E351A800199095 /* App Files */ = {
			isa = PBXGroup;
			children = (
				1DF2BE3229E344A700199095 /* SceneDelegate.swift */,
				1DF2BE3029E344A700199095 /* AppDelegate.swift */,
			);
			path = "App Files";
			sourceTree = "<group>";
		};
		1DF2BE4729E351C500199095 /* Configurations */ = {
			isa = PBXGroup;
			children = (
				1DF2BE3E29E344A800199095 /* Info.plist */,
			);
			path = Configurations;
			sourceTree = "<group>";
		};
		1DF2BE4829E351DA00199095 /* Scenes */ = {
			isa = PBXGroup;
			children = (
				1DF2BE4929E3523700199095 /* AthletesList */,
			);
			path = Scenes;
			sourceTree = "<group>";
		};
		1DF2BE4929E3523700199095 /* AthletesList */ = {
			isa = PBXGroup;
			children = (
				1DF2BE4D29E3528D00199095 /* ViewModels */,
				1DF2BE4C29E3528300199095 /* Views */,
			);
			path = AthletesList;
			sourceTree = "<group>";
		};
		1DF2BE4C29E3528300199095 /* Views */ = {
			isa = PBXGroup;
			children = (
				1DF2BE5A29E360CC00199095 /* AthleteCollectionViewCell */,
				1DF2BE5329E3544500199095 /* GameAthletesTableViewCell */,
				1DF2BE4A29E3526B00199095 /* AthletesListViewController.swift */,
				1DF2BE5129E353D900199095 /* AthletesListView.swift */,
			);
			path = Views;
			sourceTree = "<group>";
		};
		1DF2BE4D29E3528D00199095 /* ViewModels */ = {
			isa = PBXGroup;
			children = (
			);
			path = ViewModels;
			sourceTree = "<group>";
		};
		1DF2BE4E29E352A100199095 /* Models */ = {
			isa = PBXGroup;
			children = (
				1DF2BE4F29E3531E00199095 /* Athlete.swift */,
				1DF2BE5829E3553900199095 /* Game.swift */,
			);
			path = Models;
			sourceTree = "<group>";
		};
		1DF2BE5329E3544500199095 /* GameAthletesTableViewCell */ = {
			isa = PBXGroup;
			children = (
				1DF2BE5429E3549B00199095 /* GameAthletesTableViewCell.swift */,
				1DF2BE5629E354AB00199095 /* GameAthletesTableViewCell.xib */,
			);
			path = GameAthletesTableViewCell;
			sourceTree = "<group>";
		};
		1DF2BE5A29E360CC00199095 /* AthleteCollectionViewCell */ = {
			isa = PBXGroup;
			children = (
				1DF2BE5B29E360EF00199095 /* AthleteCollectionViewCell.swift */,
				1DF2BE5D29E3610C00199095 /* AthleteCollectionViewCell.xib */,
			);
			path = AthleteCollectionViewCell;
			sourceTree = "<group>";
		};
/* End PBXGroup section */

/* Begin PBXNativeTarget section */
		1DF2BE2C29E344A700199095 /* Olympic Athletes */ = {
			isa = PBXNativeTarget;
			buildConfigurationList = 1DF2BE4129E344A800199095 /* Build configuration list for PBXNativeTarget "Olympic Athletes" */;
			buildPhases = (
				1DF2BE2929E344A700199095 /* Sources */,
				1DF2BE2A29E344A700199095 /* Frameworks */,
				1DF2BE2B29E344A700199095 /* Resources */,
			);
			buildRules = (
			);
			dependencies = (
			);
			name = "Olympic Athletes";
			productName = "Olympic Athletes";
			productReference = 1DF2BE2D29E344A700199095 /* Olympic Athletes.app */;
			productType = "com.apple.product-type.application";
		};
/* End PBXNativeTarget section */

/* Begin PBXProject section */
		1DF2BE2529E344A700199095 /* Project object */ = {
			isa = PBXProject;
			attributes = {
				BuildIndependentTargetsInParallel = 1;
				LastSwiftUpdateCheck = 1420;
				LastUpgradeCheck = 1420;
				TargetAttributes = {
					1DF2BE2C29E344A700199095 = {
						CreatedOnToolsVersion = 14.2;
					};
				};
			};
			buildConfigurationList = 1DF2BE2829E344A700199095 /* Build configuration list for PBXProject "Olympic Athletes" */;
			compatibilityVersion = "Xcode 14.0";
			developmentRegion = en;
			hasScannedForEncodings = 0;
			knownRegions = (
				en,
				Base,
			);
			mainGroup = 1DF2BE2429E344A700199095;
			productRefGroup = 1DF2BE2E29E344A700199095 /* Products */;
			projectDirPath = "";
			projectRoot = "";
			targets = (
				1DF2BE2C29E344A700199095 /* Olympic Athletes */,
			);
		};
/* End PBXProject section */

/* Begin PBXResourcesBuildPhase section */
		1DF2BE2B29E344A700199095 /* Resources */ = {
			isa = PBXResourcesBuildPhase;
			buildActionMask = 2147483647;
			files = (
				1DF2BE3D29E344A800199095 /* LaunchScreen.storyboard in Resources */,
				1DF2BE5729E354AC00199095 /* GameAthletesTableViewCell.xib in Resources */,
				1DF2BE3A29E344A800199095 /* Assets.xcassets in Resources */,
				1DF2BE5E29E3610C00199095 /* AthleteCollectionViewCell.xib in Resources */,
				1DF2BE3829E344A700199095 /* Main.storyboard in Resources */,
			);
			runOnlyForDeploymentPostprocessing = 0;
		};
/* End PBXResourcesBuildPhase section */

/* Begin PBXSourcesBuildPhase section */
		1DF2BE2929E344A700199095 /* Sources */ = {
			isa = PBXSourcesBuildPhase;
			buildActionMask = 2147483647;
			files = (
				1DF2BE5C29E360EF00199095 /* AthleteCollectionViewCell.swift in Sources */,
				1DF2BE4B29E3526B00199095 /* AthletesListViewController.swift in Sources */,
				1DF2BE5529E3549B00199095 /* GameAthletesTableViewCell.swift in Sources */,
				1D8DF85C29E4E9620037BA2D /* UIView+Extensions.swift in Sources */,
				1DF2BE5929E3553900199095 /* Game.swift in Sources */,
				1DF2BE3129E344A700199095 /* AppDelegate.swift in Sources */,
				1DF2BE3329E344A700199095 /* SceneDelegate.swift in Sources */,
				1DF2BE5029E3531E00199095 /* Athlete.swift in Sources */,
				1DF2BE5229E353D900199095 /* AthletesListView.swift in Sources */,
			);
			runOnlyForDeploymentPostprocessing = 0;
		};
/* End PBXSourcesBuildPhase section */

/* Begin PBXVariantGroup section */
		1DF2BE3629E344A700199095 /* Main.storyboard */ = {
			isa = PBXVariantGroup;
			children = (
				1DF2BE3729E344A700199095 /* Base */,
			);
			name = Main.storyboard;
			sourceTree = "<group>";
		};
		1DF2BE3B29E344A800199095 /* LaunchScreen.storyboard */ = {
			isa = PBXVariantGroup;
			children = (
				1DF2BE3C29E344A800199095 /* Base */,
			);
			name = LaunchScreen.storyboard;
			sourceTree = "<group>";
		};
/* End PBXVariantGroup section */

/* Begin XCBuildConfiguration section */
		1DF2BE3F29E344A800199095 /* Debug */ = {
			isa = XCBuildConfiguration;
			buildSettings = {
				ALWAYS_SEARCH_USER_PATHS = NO;
				CLANG_ANALYZER_NONNULL = YES;
				CLANG_ANALYZER_NUMBER_OBJECT_CONVERSION = YES_AGGRESSIVE;
				CLANG_CXX_LANGUAGE_STANDARD = "gnu++20";
				CLANG_ENABLE_MODULES = YES;
				CLANG_ENABLE_OBJC_ARC = YES;
				CLANG_ENABLE_OBJC_WEAK = YES;
				CLANG_WARN_BLOCK_CAPTURE_AUTORELEASING = YES;
				CLANG_WARN_BOOL_CONVERSION = YES;
				CLANG_WARN_COMMA = YES;
				CLANG_WARN_CONSTANT_CONVERSION = YES;
				CLANG_WARN_DEPRECATED_OBJC_IMPLEMENTATIONS = YES;
				CLANG_WARN_DIRECT_OBJC_ISA_USAGE = YES_ERROR;
				CLANG_WARN_DOCUMENTATION_COMMENTS = YES;
				CLANG_WARN_EMPTY_BODY = YES;
				CLANG_WARN_ENUM_CONVERSION = YES;
				CLANG_WARN_INFINITE_RECURSION = YES;
				CLANG_WARN_INT_CONVERSION = YES;
				CLANG_WARN_NON_LITERAL_NULL_CONVERSION = YES;
				CLANG_WARN_OBJC_IMPLICIT_RETAIN_SELF = YES;
				CLANG_WARN_OBJC_LITERAL_CONVERSION = YES;
				CLANG_WARN_OBJC_ROOT_CLASS = YES_ERROR;
				CLANG_WARN_QUOTED_INCLUDE_IN_FRAMEWORK_HEADER = YES;
				CLANG_WARN_RANGE_LOOP_ANALYSIS = YES;
				CLANG_WARN_STRICT_PROTOTYPES = YES;
				CLANG_WARN_SUSPICIOUS_MOVE = YES;
				CLANG_WARN_UNGUARDED_AVAILABILITY = YES_AGGRESSIVE;
				CLANG_WARN_UNREACHABLE_CODE = YES;
				CLANG_WARN__DUPLICATE_METHOD_MATCH = YES;
				COPY_PHASE_STRIP = NO;
				DEBUG_INFORMATION_FORMAT = dwarf;
				ENABLE_STRICT_OBJC_MSGSEND = YES;
				ENABLE_TESTABILITY = YES;
				GCC_C_LANGUAGE_STANDARD = gnu11;
				GCC_DYNAMIC_NO_PIC = NO;
				GCC_NO_COMMON_BLOCKS = YES;
				GCC_OPTIMIZATION_LEVEL = 0;
				GCC_PREPROCESSOR_DEFINITIONS = (
					"DEBUG=1",
					"$(inherited)",
				);
				GCC_WARN_64_TO_32_BIT_CONVERSION = YES;
				GCC_WARN_ABOUT_RETURN_TYPE = YES_ERROR;
				GCC_WARN_UNDECLARED_SELECTOR = YES;
				GCC_WARN_UNINITIALIZED_AUTOS = YES_AGGRESSIVE;
				GCC_WARN_UNUSED_FUNCTION = YES;
				GCC_WARN_UNUSED_VARIABLE = YES;
				IPHONEOS_DEPLOYMENT_TARGET = 16.2;
				MTL_ENABLE_DEBUG_INFO = INCLUDE_SOURCE;
				MTL_FAST_MATH = YES;
				ONLY_ACTIVE_ARCH = YES;
				SDKROOT = iphoneos;
				SWIFT_ACTIVE_COMPILATION_CONDITIONS = DEBUG;
				SWIFT_OPTIMIZATION_LEVEL = "-Onone";
			};
			name = Debug;
		};
		1DF2BE4029E344A800199095 /* Release */ = {
			isa = XCBuildConfiguration;
			buildSettings = {
				ALWAYS_SEARCH_USER_PATHS = NO;
				CLANG_ANALYZER_NONNULL = YES;
				CLANG_ANALYZER_NUMBER_OBJECT_CONVERSION = YES_AGGRESSIVE;
				CLANG_CXX_LANGUAGE_STANDARD = "gnu++20";
				CLANG_ENABLE_MODULES = YES;
				CLANG_ENABLE_OBJC_ARC = YES;
				CLANG_ENABLE_OBJC_WEAK = YES;
				CLANG_WARN_BLOCK_CAPTURE_AUTORELEASING = YES;
				CLANG_WARN_BOOL_CONVERSION = YES;
				CLANG_WARN_COMMA = YES;
				CLANG_WARN_CONSTANT_CONVERSION = YES;
				CLANG_WARN_DEPRECATED_OBJC_IMPLEMENTATIONS = YES;
				CLANG_WARN_DIRECT_OBJC_ISA_USAGE = YES_ERROR;
				CLANG_WARN_DOCUMENTATION_COMMENTS = YES;
				CLANG_WARN_EMPTY_BODY = YES;
				CLANG_WARN_ENUM_CONVERSION = YES;
				CLANG_WARN_INFINITE_RECURSION = YES;
				CLANG_WARN_INT_CONVERSION = YES;
				CLANG_WARN_NON_LITERAL_NULL_CONVERSION = YES;
				CLANG_WARN_OBJC_IMPLICIT_RETAIN_SELF = YES;
				CLANG_WARN_OBJC_LITERAL_CONVERSION = YES;
				CLANG_WARN_OBJC_ROOT_CLASS = YES_ERROR;
				CLANG_WARN_QUOTED_INCLUDE_IN_FRAMEWORK_HEADER = YES;
				CLANG_WARN_RANGE_LOOP_ANALYSIS = YES;
				CLANG_WARN_STRICT_PROTOTYPES = YES;
				CLANG_WARN_SUSPICIOUS_MOVE = YES;
				CLANG_WARN_UNGUARDED_AVAILABILITY = YES_AGGRESSIVE;
				CLANG_WARN_UNREACHABLE_CODE = YES;
				CLANG_WARN__DUPLICATE_METHOD_MATCH = YES;
				COPY_PHASE_STRIP = NO;
				DEBUG_INFORMATION_FORMAT = "dwarf-with-dsym";
				ENABLE_NS_ASSERTIONS = NO;
				ENABLE_STRICT_OBJC_MSGSEND = YES;
				GCC_C_LANGUAGE_STANDARD = gnu11;
				GCC_NO_COMMON_BLOCKS = YES;
				GCC_WARN_64_TO_32_BIT_CONVERSION = YES;
				GCC_WARN_ABOUT_RETURN_TYPE = YES_ERROR;
				GCC_WARN_UNDECLARED_SELECTOR = YES;
				GCC_WARN_UNINITIALIZED_AUTOS = YES_AGGRESSIVE;
				GCC_WARN_UNUSED_FUNCTION = YES;
				GCC_WARN_UNUSED_VARIABLE = YES;
				IPHONEOS_DEPLOYMENT_TARGET = 16.2;
				MTL_ENABLE_DEBUG_INFO = NO;
				MTL_FAST_MATH = YES;
				SDKROOT = iphoneos;
				SWIFT_COMPILATION_MODE = wholemodule;
				SWIFT_OPTIMIZATION_LEVEL = "-O";
				VALIDATE_PRODUCT = YES;
			};
			name = Release;
		};
		1DF2BE4229E344A800199095 /* Debug */ = {
			isa = XCBuildConfiguration;
			buildSettings = {
				ASSETCATALOG_COMPILER_APPICON_NAME = AppIcon;
				ASSETCATALOG_COMPILER_GLOBAL_ACCENT_COLOR_NAME = AccentColor;
				CODE_SIGN_STYLE = Automatic;
				CURRENT_PROJECT_VERSION = 1;
				GENERATE_INFOPLIST_FILE = YES;
				INFOPLIST_FILE = "Olympic Athletes/Configurations/Info.plist";
				INFOPLIST_KEY_CFBundleDisplayName = "Olympic Athletes";
				INFOPLIST_KEY_UIApplicationSupportsIndirectInputEvents = YES;
				INFOPLIST_KEY_UILaunchStoryboardName = LaunchScreen;
				INFOPLIST_KEY_UIMainStoryboardFile = Main;
				INFOPLIST_KEY_UISupportedInterfaceOrientations = UIInterfaceOrientationPortrait;
				IPHONEOS_DEPLOYMENT_TARGET = 14.0;
				LD_RUNPATH_SEARCH_PATHS = (
					"$(inherited)",
					"@executable_path/Frameworks",
				);
				MARKETING_VERSION = 1.0;
				PRODUCT_BUNDLE_IDENTIFIER = "com.najeeb.Olympic-Athletes";
				PRODUCT_NAME = "$(TARGET_NAME)";
				SUPPORTED_PLATFORMS = "iphoneos iphonesimulator";
				SUPPORTS_MACCATALYST = NO;
				SUPPORTS_MAC_DESIGNED_FOR_IPHONE_IPAD = NO;
				SWIFT_EMIT_LOC_STRINGS = YES;
				SWIFT_VERSION = 5.0;
				TARGETED_DEVICE_FAMILY = 1;
			};
			name = Debug;
		};
		1DF2BE4329E344A800199095 /* Release */ = {
			isa = XCBuildConfiguration;
			buildSettings = {
				ASSETCATALOG_COMPILER_APPICON_NAME = AppIcon;
				ASSETCATALOG_COMPILER_GLOBAL_ACCENT_COLOR_NAME = AccentColor;
				CODE_SIGN_STYLE = Automatic;
				CURRENT_PROJECT_VERSION = 1;
				GENERATE_INFOPLIST_FILE = YES;
				INFOPLIST_FILE = "Olympic Athletes/Configurations/Info.plist";
				INFOPLIST_KEY_CFBundleDisplayName = "Olympic Athletes";
				INFOPLIST_KEY_UIApplicationSupportsIndirectInputEvents = YES;
				INFOPLIST_KEY_UILaunchStoryboardName = LaunchScreen;
				INFOPLIST_KEY_UIMainStoryboardFile = Main;
				INFOPLIST_KEY_UISupportedInterfaceOrientations = UIInterfaceOrientationPortrait;
				IPHONEOS_DEPLOYMENT_TARGET = 14.0;
				LD_RUNPATH_SEARCH_PATHS = (
					"$(inherited)",
					"@executable_path/Frameworks",
				);
				MARKETING_VERSION = 1.0;
				PRODUCT_BUNDLE_IDENTIFIER = "com.najeeb.Olympic-Athletes";
				PRODUCT_NAME = "$(TARGET_NAME)";
				SUPPORTED_PLATFORMS = "iphoneos iphonesimulator";
				SUPPORTS_MACCATALYST = NO;
				SUPPORTS_MAC_DESIGNED_FOR_IPHONE_IPAD = NO;
				SWIFT_EMIT_LOC_STRINGS = YES;
				SWIFT_VERSION = 5.0;
				TARGETED_DEVICE_FAMILY = 1;
			};
			name = Release;
		};
/* End XCBuildConfiguration section */

/* Begin XCConfigurationList section */
		1DF2BE2829E344A700199095 /* Build configuration list for PBXProject "Olympic Athletes" */ = {
			isa = XCConfigurationList;
			buildConfigurations = (
				1DF2BE3F29E344A800199095 /* Debug */,
				1DF2BE4029E344A800199095 /* Release */,
			);
			defaultConfigurationIsVisible = 0;
			defaultConfigurationName = Release;
		};
		1DF2BE4129E344A800199095 /* Build configuration list for PBXNativeTarget "Olympic Athletes" */ = {
			isa = XCConfigurationList;
			buildConfigurations = (
				1DF2BE4229E344A800199095 /* Debug */,
				1DF2BE4329E344A800199095 /* Release */,
			);
			defaultConfigurationIsVisible = 0;
			defaultConfigurationName = Release;
		};
/* End XCConfigurationList section */
	};
	rootObject = 1DF2BE2529E344A700199095 /* Project object */;
}
